
Microsoft Visual Studio Solution File, Format Version 12.00
# Visual Studio Version 16
VisualStudioVersion = 16.0.30907.101
MinimumVisualStudioVersion = 10.0.40219.1
Project("{FAE04EC0-301F-11D3-BF4B-00C04F79EFBC}") = "OOD_Project", "OOD_Project\OOD_Project.csproj", "{1A5EA348-9B2C-4E4E-9C85-F07E9410F752}"
EndProject
Global
	GlobalSection(SolutionConfigurationPlatforms) = preSolution
		Debug|Any CPU = Debug|Any CPU
		Release|Any CPU = Release|Any CPU
	EndGlobalSection
	GlobalSection(ProjectConfigurationPlatforms) = postSolution
		{1A5EA348-9B2C-4E4E-9C85-F07E9410F752}.Debug|Any CPU.ActiveCfg = Debug|Any CPU
		{1A5EA348-9B2C-4E4E-9C85-F07E9410F752}.Debug|Any CPU.Build.0 = Debug|Any CPU
		{1A5EA348-9B2C-4E4E-9C85-F07E9410F752}.Release|Any CPU.ActiveCfg = Release|Any CPU
		{1A5EA348-9B2C-4E4E-9C85-F07E9410F752}.Release|Any CPU.Build.0 = Release|Any CPU
	EndGlobalSection
	GlobalSection(SolutionProperties) = preSolution
		HideSolutionNode = FALSE
	EndGlobalSection
	GlobalSection(ExtensibilityGlobals) = postSolution
		SolutionGuid = {452265CC-F063-4D1D-995D-9115634237C7}
	EndGlobalSection
EndGlobal
